// !$*UTF8*$!
{
	archiveVersion = 1;
	classes = {
	};
	objectVersion = 50;
	objects = {

/* Begin PBXBuildFile section */
		AA3A533621ACA13100159B6A /* AppDelegate.swift in Sources */ = {isa = PBXBuildFile; fileRef = AA3A533521ACA13100159B6A /* AppDelegate.swift */; };
		AA3A533B21ACA13100159B6A /* Main.storyboard in Resources */ = {isa = PBXBuildFile; fileRef = AA3A533921ACA13100159B6A /* Main.storyboard */; };
		AA3A533E21ACA13100159B6A /* trigger.xcdatamodeld in Sources */ = {isa = PBXBuildFile; fileRef = AA3A533C21ACA13100159B6A /* trigger.xcdatamodeld */; };
		AA3A534021ACA13100159B6A /* Assets.xcassets in Resources */ = {isa = PBXBuildFile; fileRef = AA3A533F21ACA13100159B6A /* Assets.xcassets */; };
		AA3A534321ACA13100159B6A /* LaunchScreen.storyboard in Resources */ = {isa = PBXBuildFile; fileRef = AA3A534121ACA13100159B6A /* LaunchScreen.storyboard */; };
		AA3A534B21ACA63F00159B6A /* AddTagCategoryViewController.swift in Sources */ = {isa = PBXBuildFile; fileRef = AA3A534A21ACA63F00159B6A /* AddTagCategoryViewController.swift */; };
		AA3A535221ACAAC100159B6A /* TagCategory+CoreDataClass.swift in Sources */ = {isa = PBXBuildFile; fileRef = AA3A534E21ACAAC100159B6A /* TagCategory+CoreDataClass.swift */; };
		AA3A535421ACAAC100159B6A /* Tag+CoreDataClass.swift in Sources */ = {isa = PBXBuildFile; fileRef = AA3A535021ACAAC100159B6A /* Tag+CoreDataClass.swift */; };
		AA3A535A21ACAC6F00159B6A /* CoreDataStack.swift in Sources */ = {isa = PBXBuildFile; fileRef = AA3A535921ACAC6F00159B6A /* CoreDataStack.swift */; };
		AA3A535C21ACAC9900159B6A /* TagTableViewController .swift in Sources */ = {isa = PBXBuildFile; fileRef = AA3A535B21ACAC9900159B6A /* TagTableViewController .swift */; };
		AA3A535E21ACACAF00159B6A /* TagCategoryTableViewController.swift in Sources */ = {isa = PBXBuildFile; fileRef = AA3A535D21ACACAF00159B6A /* TagCategoryTableViewController.swift */; };
		AA3A536021ACACCA00159B6A /* AddTagViewController.swift in Sources */ = {isa = PBXBuildFile; fileRef = AA3A535F21ACACCA00159B6A /* AddTagViewController.swift */; };
		AA7ED72421B88621004EFE5F /* Tag+CoreDataProperties.swift in Sources */ = {isa = PBXBuildFile; fileRef = AA7ED72221B88621004EFE5F /* Tag+CoreDataProperties.swift */; };
		AA7ED72521B88621004EFE5F /* TagCategory+CoreDataProperties.swift in Sources */ = {isa = PBXBuildFile; fileRef = AA7ED72321B88621004EFE5F /* TagCategory+CoreDataProperties.swift */; };
/* End PBXBuildFile section */

/* Begin PBXFileReference section */
		AA3A533221ACA13100159B6A /* trigger.app */ = {isa = PBXFileReference; explicitFileType = wrapper.application; includeInIndex = 0; path = trigger.app; sourceTree = BUILT_PRODUCTS_DIR; };
		AA3A533521ACA13100159B6A /* AppDelegate.swift */ = {isa = PBXFileReference; lastKnownFileType = sourcecode.swift; path = AppDelegate.swift; sourceTree = "<group>"; };
		AA3A533A21ACA13100159B6A /* Base */ = {isa = PBXFileReference; lastKnownFileType = file.storyboard; name = Base; path = Base.lproj/Main.storyboard; sourceTree = "<group>"; };
		AA3A533D21ACA13100159B6A /* trigger.xcdatamodel */ = {isa = PBXFileReference; lastKnownFileType = wrapper.xcdatamodel; path = trigger.xcdatamodel; sourceTree = "<group>"; };
		AA3A533F21ACA13100159B6A /* Assets.xcassets */ = {isa = PBXFileReference; lastKnownFileType = folder.assetcatalog; path = Assets.xcassets; sourceTree = "<group>"; };
		AA3A534221ACA13100159B6A /* Base */ = {isa = PBXFileReference; lastKnownFileType = file.storyboard; name = Base; path = Base.lproj/LaunchScreen.storyboard; sourceTree = "<group>"; };
		AA3A534421ACA13100159B6A /* Info.plist */ = {isa = PBXFileReference; lastKnownFileType = text.plist.xml; path = Info.plist; sourceTree = "<group>"; };
		AA3A534A21ACA63F00159B6A /* AddTagCategoryViewController.swift */ = {isa = PBXFileReference; lastKnownFileType = sourcecode.swift; path = AddTagCategoryViewController.swift; sourceTree = "<group>"; };
		AA3A534E21ACAAC100159B6A /* TagCategory+CoreDataClass.swift */ = {isa = PBXFileReference; lastKnownFileType = sourcecode.swift; path = "TagCategory+CoreDataClass.swift"; sourceTree = "<group>"; };
		AA3A535021ACAAC100159B6A /* Tag+CoreDataClass.swift */ = {isa = PBXFileReference; lastKnownFileType = sourcecode.swift; path = "Tag+CoreDataClass.swift"; sourceTree = "<group>"; };
		AA3A535921ACAC6F00159B6A /* CoreDataStack.swift */ = {isa = PBXFileReference; lastKnownFileType = sourcecode.swift; path = CoreDataStack.swift; sourceTree = "<group>"; };
		AA3A535B21ACAC9900159B6A /* TagTableViewController .swift */ = {isa = PBXFileReference; lastKnownFileType = sourcecode.swift; path = "TagTableViewController .swift"; sourceTree = "<group>"; };
		AA3A535D21ACACAF00159B6A /* TagCategoryTableViewController.swift */ = {isa = PBXFileReference; lastKnownFileType = sourcecode.swift; path = TagCategoryTableViewController.swift; sourceTree = "<group>"; };
		AA3A535F21ACACCA00159B6A /* AddTagViewController.swift */ = {isa = PBXFileReference; lastKnownFileType = sourcecode.swift; path = AddTagViewController.swift; sourceTree = "<group>"; };
		AA7ED72221B88621004EFE5F /* Tag+CoreDataProperties.swift */ = {isa = PBXFileReference; lastKnownFileType = sourcecode.swift; path = "Tag+CoreDataProperties.swift"; sourceTree = "<group>"; };
		AA7ED72321B88621004EFE5F /* TagCategory+CoreDataProperties.swift */ = {isa = PBXFileReference; lastKnownFileType = sourcecode.swift; path = "TagCategory+CoreDataProperties.swift"; sourceTree = "<group>"; };
/* End PBXFileReference section */

/* Begin PBXFrameworksBuildPhase section */
		AA3A532F21ACA13100159B6A /* Frameworks */ = {
			isa = PBXFrameworksBuildPhase;
			buildActionMask = 2147483647;
			files = (
			);
			runOnlyForDeploymentPostprocessing = 0;
		};
/* End PBXFrameworksBuildPhase section */

/* Begin PBXGroup section */
		AA3A532921ACA13100159B6A = {
			isa = PBXGroup;
			children = (
				AA3A533421ACA13100159B6A /* trigger */,
				AA3A533321ACA13100159B6A /* Products */,
			);
			sourceTree = "<group>";
		};
		AA3A533321ACA13100159B6A /* Products */ = {
			isa = PBXGroup;
			children = (
				AA3A533221ACA13100159B6A /* trigger.app */,
			);
			name = Products;
			sourceTree = "<group>";
		};
		AA3A533421ACA13100159B6A /* trigger */ = {
			isa = PBXGroup;
			children = (
				AA3A535621ACAB2B00159B6A /* Generated Class Files */,
				AA3A534421ACA13100159B6A /* Info.plist */,
				AA3A534A21ACA63F00159B6A /* AddTagCategoryViewController.swift */,
				AA3A535D21ACACAF00159B6A /* TagCategoryTableViewController.swift */,
				AA3A535B21ACAC9900159B6A /* TagTableViewController .swift */,
				AA3A535F21ACACCA00159B6A /* AddTagViewController.swift */,
				AA3A535921ACAC6F00159B6A /* CoreDataStack.swift */,
				AA3A533921ACA13100159B6A /* Main.storyboard */,
				AA3A533521ACA13100159B6A /* AppDelegate.swift */,
				AA3A534121ACA13100159B6A /* LaunchScreen.storyboard */,
				AA3A533C21ACA13100159B6A /* trigger.xcdatamodeld */,
				AA3A533F21ACA13100159B6A /* Assets.xcassets */,
			);
			path = trigger;
			sourceTree = "<group>";
		};
		AA3A535621ACAB2B00159B6A /* Generated Class Files */ = {
			isa = PBXGroup;
			children = (
				AA3A534E21ACAAC100159B6A /* TagCategory+CoreDataClass.swift */,
				AA7ED72221B88621004EFE5F /* Tag+CoreDataProperties.swift */,
				AA7ED72321B88621004EFE5F /* TagCategory+CoreDataProperties.swift */,
				AA3A535021ACAAC100159B6A /* Tag+CoreDataClass.swift */,
			);
			path = "Generated Class Files";
			sourceTree = "<group>";
		};
/* End PBXGroup section */

/* Begin PBXNativeTarget section */
		AA3A533121ACA13100159B6A /* trigger */ = {
			isa = PBXNativeTarget;
			buildConfigurationList = AA3A534721ACA13100159B6A /* Build configuration list for PBXNativeTarget "trigger" */;
			buildPhases = (
				AA3A532E21ACA13100159B6A /* Sources */,
				AA3A532F21ACA13100159B6A /* Frameworks */,
				AA3A533021ACA13100159B6A /* Resources */,
			);
			buildRules = (
			);
			dependencies = (
			);
			name = trigger;
			productName = trigger;
			productReference = AA3A533221ACA13100159B6A /* trigger.app */;
			productType = "com.apple.product-type.application";
		};
/* End PBXNativeTarget section */

/* Begin PBXProject section */
		AA3A532A21ACA13100159B6A /* Project object */ = {
			isa = PBXProject;
			attributes = {
				LastSwiftUpdateCheck = 0940;
				LastUpgradeCheck = 0940;
				ORGANIZATIONNAME = "Alexa Clingerman";
				TargetAttributes = {
					AA3A533121ACA13100159B6A = {
						CreatedOnToolsVersion = 9.4.1;
					};
				};
			};
			buildConfigurationList = AA3A532D21ACA13100159B6A /* Build configuration list for PBXProject "trigger" */;
			compatibilityVersion = "Xcode 9.3";
			developmentRegion = en;
			hasScannedForEncodings = 0;
			knownRegions = (
				en,
				Base,
			);
			mainGroup = AA3A532921ACA13100159B6A;
			productRefGroup = AA3A533321ACA13100159B6A /* Products */;
			projectDirPath = "";
			projectRoot = "";
			targets = (
				AA3A533121ACA13100159B6A /* trigger */,
			);
		};
/* End PBXProject section */

/* Begin PBXResourcesBuildPhase section */
		AA3A533021ACA13100159B6A /* Resources */ = {
			isa = PBXResourcesBuildPhase;
			buildActionMask = 2147483647;
			files = (
				AA3A534321ACA13100159B6A /* LaunchScreen.storyboard in Resources */,
				AA3A534021ACA13100159B6A /* Assets.xcassets in Resources */,
				AA3A533B21ACA13100159B6A /* Main.storyboard in Resources */,
			);
			runOnlyForDeploymentPostprocessing = 0;
		};
/* End PBXResourcesBuildPhase section */

/* Begin PBXSourcesBuildPhase section */
		AA3A532E21ACA13100159B6A /* Sources */ = {
			isa = PBXSourcesBuildPhase;
			buildActionMask = 2147483647;
			files = (
				AA3A535E21ACACAF00159B6A /* TagCategoryTableViewController.swift in Sources */,
				AA3A535221ACAAC100159B6A /* TagCategory+CoreDataClass.swift in Sources */,
				AA3A534B21ACA63F00159B6A /* AddTagCategoryViewController.swift in Sources */,
				AA3A535C21ACAC9900159B6A /* TagTableViewController .swift in Sources */,
				AA3A535A21ACAC6F00159B6A /* CoreDataStack.swift in Sources */,
				AA3A533E21ACA13100159B6A /* trigger.xcdatamodeld in Sources */,
				AA7ED72421B88621004EFE5F /* Tag+CoreDataProperties.swift in Sources */,
				AA7ED72521B88621004EFE5F /* TagCategory+CoreDataProperties.swift in Sources */,
				AA3A535421ACAAC100159B6A /* Tag+CoreDataClass.swift in Sources */,
				AA3A536021ACACCA00159B6A /* AddTagViewController.swift in Sources */,
				AA3A533621ACA13100159B6A /* AppDelegate.swift in Sources */,
			);
			runOnlyForDeploymentPostprocessing = 0;
		};
/* End PBXSourcesBuildPhase section */

/* Begin PBXVariantGroup section */
		AA3A533921ACA13100159B6A /* Main.storyboard */ = {
			isa = PBXVariantGroup;
			children = (
				AA3A533A21ACA13100159B6A /* Base */,
			);
			name = Main.storyboard;
			sourceTree = "<group>";
		};
		AA3A534121ACA13100159B6A /* LaunchScreen.storyboard */ = {
			isa = PBXVariantGroup;
			children = (
				AA3A534221ACA13100159B6A /* Base */,
			);
			name = LaunchScreen.storyboard;
			sourceTree = "<group>";
		};
/* End PBXVariantGroup section */

/* Begin XCBuildConfiguration section */
		AA3A534521ACA13100159B6A /* Debug */ = {
			isa = XCBuildConfiguration;
			buildSettings = {
				ALWAYS_SEARCH_USER_PATHS = NO;
				CLANG_ANALYZER_NONNULL = YES;
				CLANG_ANALYZER_NUMBER_OBJECT_CONVERSION = YES_AGGRESSIVE;
				CLANG_CXX_LANGUAGE_STANDARD = "gnu++14";
				CLANG_CXX_LIBRARY = "libc++";
				CLANG_ENABLE_MODULES = YES;
				CLANG_ENABLE_OBJC_ARC = YES;
				CLANG_ENABLE_OBJC_WEAK = YES;
				CLANG_WARN_BLOCK_CAPTURE_AUTORELEASING = YES;
				CLANG_WARN_BOOL_CONVERSION = YES;
				CLANG_WARN_COMMA = YES;
				CLANG_WARN_CONSTANT_CONVERSION = YES;
				CLANG_WARN_DEPRECATED_OBJC_IMPLEMENTATIONS = YES;
				CLANG_WARN_DIRECT_OBJC_ISA_USAGE = YES_ERROR;
				CLANG_WARN_DOCUMENTATION_COMMENTS = YES;
				CLANG_WARN_EMPTY_BODY = YES;
				CLANG_WARN_ENUM_CONVERSION = YES;
				CLANG_WARN_INFINITE_RECURSION = YES;
				CLANG_WARN_INT_CONVERSION = YES;
				CLANG_WARN_NON_LITERAL_NULL_CONVERSION = YES;
				CLANG_WARN_OBJC_IMPLICIT_RETAIN_SELF = YES;
				CLANG_WARN_OBJC_LITERAL_CONVERSION = YES;
				CLANG_WARN_OBJC_ROOT_CLASS = YES_ERROR;
				CLANG_WARN_RANGE_LOOP_ANALYSIS = YES;
				CLANG_WARN_STRICT_PROTOTYPES = YES;
				CLANG_WARN_SUSPICIOUS_MOVE = YES;
				CLANG_WARN_UNGUARDED_AVAILABILITY = YES_AGGRESSIVE;
				CLANG_WARN_UNREACHABLE_CODE = YES;
				CLANG_WARN__DUPLICATE_METHOD_MATCH = YES;
				CODE_SIGN_IDENTITY = "iPhone Developer";
				COPY_PHASE_STRIP = NO;
				DEBUG_INFORMATION_FORMAT = dwarf;
				ENABLE_STRICT_OBJC_MSGSEND = YES;
				ENABLE_TESTABILITY = YES;
				GCC_C_LANGUAGE_STANDARD = gnu11;
				GCC_DYNAMIC_NO_PIC = NO;
				GCC_NO_COMMON_BLOCKS = YES;
				GCC_OPTIMIZATION_LEVEL = 0;
				GCC_PREPROCESSOR_DEFINITIONS = (
					"DEBUG=1",
					"$(inherited)",
				);
				GCC_WARN_64_TO_32_BIT_CONVERSION = YES;
				GCC_WARN_ABOUT_RETURN_TYPE = YES_ERROR;
				GCC_WARN_UNDECLARED_SELECTOR = YES;
				GCC_WARN_UNINITIALIZED_AUTOS = YES_AGGRESSIVE;
				GCC_WARN_UNUSED_FUNCTION = YES;
				GCC_WARN_UNUSED_VARIABLE = YES;
				IPHONEOS_DEPLOYMENT_TARGET = 11.4;
				MTL_ENABLE_DEBUG_INFO = YES;
				ONLY_ACTIVE_ARCH = YES;
				SDKROOT = iphoneos;
				SWIFT_ACTIVE_COMPILATION_CONDITIONS = DEBUG;
				SWIFT_OPTIMIZATION_LEVEL = "-Onone";
			};
			name = Debug;
		};
		AA3A534621ACA13100159B6A /* Release */ = {
			isa = XCBuildConfiguration;
			buildSettings = {
				ALWAYS_SEARCH_USER_PATHS = NO;
				CLANG_ANALYZER_NONNULL = YES;
				CLANG_ANALYZER_NUMBER_OBJECT_CONVERSION = YES_AGGRESSIVE;
				CLANG_CXX_LANGUAGE_STANDARD = "gnu++14";
				CLANG_CXX_LIBRARY = "libc++";
				CLANG_ENABLE_MODULES = YES;
				CLANG_ENABLE_OBJC_ARC = YES;
				CLANG_ENABLE_OBJC_WEAK = YES;
				CLANG_WARN_BLOCK_CAPTURE_AUTORELEASING = YES;
				CLANG_WARN_BOOL_CONVERSION = YES;
				CLANG_WARN_COMMA = YES;
				CLANG_WARN_CONSTANT_CONVERSION = YES;
				CLANG_WARN_DEPRECATED_OBJC_IMPLEMENTATIONS = YES;
				CLANG_WARN_DIRECT_OBJC_ISA_USAGE = YES_ERROR;
				CLANG_WARN_DOCUMENTATION_COMMENTS = YES;
				CLANG_WARN_EMPTY_BODY = YES;
				CLANG_WARN_ENUM_CONVERSION = YES;
				CLANG_WARN_INFINITE_RECURSION = YES;
				CLANG_WARN_INT_CONVERSION = YES;
				CLANG_WARN_NON_LITERAL_NULL_CONVERSION = YES;
				CLANG_WARN_OBJC_IMPLICIT_RETAIN_SELF = YES;
				CLANG_WARN_OBJC_LITERAL_CONVERSION = YES;
				CLANG_WARN_OBJC_ROOT_CLASS = YES_ERROR;
				CLANG_WARN_RANGE_LOOP_ANALYSIS = YES;
				CLANG_WARN_STRICT_PROTOTYPES = YES;
				CLANG_WARN_SUSPICIOUS_MOVE = YES;
				CLANG_WARN_UNGUARDED_AVAILABILITY = YES_AGGRESSIVE;
				CLANG_WARN_UNREACHABLE_CODE = YES;
				CLANG_WARN__DUPLICATE_METHOD_MATCH = YES;
				CODE_SIGN_IDENTITY = "iPhone Developer";
				COPY_PHASE_STRIP = NO;
				DEBUG_INFORMATION_FORMAT = "dwarf-with-dsym";
				ENABLE_NS_ASSERTIONS = NO;
				ENABLE_STRICT_OBJC_MSGSEND = YES;
				GCC_C_LANGUAGE_STANDARD = gnu11;
				GCC_NO_COMMON_BLOCKS = YES;
				GCC_WARN_64_TO_32_BIT_CONVERSION = YES;
				GCC_WARN_ABOUT_RETURN_TYPE = YES_ERROR;
				GCC_WARN_UNDECLARED_SELECTOR = YES;
				GCC_WARN_UNINITIALIZED_AUTOS = YES_AGGRESSIVE;
				GCC_WARN_UNUSED_FUNCTION = YES;
				GCC_WARN_UNUSED_VARIABLE = YES;
				IPHONEOS_DEPLOYMENT_TARGET = 11.4;
				MTL_ENABLE_DEBUG_INFO = NO;
				SDKROOT = iphoneos;
				SWIFT_COMPILATION_MODE = wholemodule;
				SWIFT_OPTIMIZATION_LEVEL = "-O";
				VALIDATE_PRODUCT = YES;
			};
			name = Release;
		};
		AA3A534821ACA13100159B6A /* Debug */ = {
			isa = XCBuildConfiguration;
			buildSettings = {
				ASSETCATALOG_COMPILER_APPICON_NAME = AppIcon;
				CODE_SIGN_STYLE = Automatic;
				INFOPLIST_FILE = trigger/Info.plist;
				LD_RUNPATH_SEARCH_PATHS = (
					"$(inherited)",
					"@executable_path/Frameworks",
				);
				PRODUCT_BUNDLE_IDENTIFIER = edu.iu.alecling.trigger;
				PRODUCT_NAME = "$(TARGET_NAME)";
				SWIFT_VERSION = 4.0;
				TARGETED_DEVICE_FAMILY = "1,2";
			};
			name = Debug;
		};
		AA3A534921ACA13100159B6A /* Release */ = {
			isa = XCBuildConfiguration;
			buildSettings = {
				ASSETCATALOG_COMPILER_APPICON_NAME = AppIcon;
				CODE_SIGN_STYLE = Automatic;
				INFOPLIST_FILE = trigger/Info.plist;
				LD_RUNPATH_SEARCH_PATHS = (
					"$(inherited)",
					"@executable_path/Frameworks",
				);
				PRODUCT_BUNDLE_IDENTIFIER = edu.iu.alecling.trigger;
				PRODUCT_NAME = "$(TARGET_NAME)";
				SWIFT_VERSION = 4.0;
				TARGETED_DEVICE_FAMILY = "1,2";
			};
			name = Release;
		};
/* End XCBuildConfiguration section */

/* Begin XCConfigurationList section */
		AA3A532D21ACA13100159B6A /* Build configuration list for PBXProject "trigger" */ = {
			isa = XCConfigurationList;
			buildConfigurations = (
				AA3A534521ACA13100159B6A /* Debug */,
				AA3A534621ACA13100159B6A /* Release */,
			);
			defaultConfigurationIsVisible = 0;
			defaultConfigurationName = Release;
		};
		AA3A534721ACA13100159B6A /* Build configuration list for PBXNativeTarget "trigger" */ = {
			isa = XCConfigurationList;
			buildConfigurations = (
				AA3A534821ACA13100159B6A /* Debug */,
				AA3A534921ACA13100159B6A /* Release */,
			);
			defaultConfigurationIsVisible = 0;
			defaultConfigurationName = Release;
		};
/* End XCConfigurationList section */

/* Begin XCVersionGroup section */
		AA3A533C21ACA13100159B6A /* trigger.xcdatamodeld */ = {
			isa = XCVersionGroup;
			children = (
				AA3A533D21ACA13100159B6A /* trigger.xcdatamodel */,
			);
			currentVersion = AA3A533D21ACA13100159B6A /* trigger.xcdatamodel */;
			path = trigger.xcdatamodeld;
			sourceTree = "<group>";
			versionGroupType = wrapper.xcdatamodel;
		};
/* End XCVersionGroup section */
	};
	rootObject = AA3A532A21ACA13100159B6A /* Project object */;
}
